
Microsoft Visual Studio Solution File, Format Version 12.00
# Visual Studio Version 16
VisualStudioVersion = 16.0.30717.126
MinimumVisualStudioVersion = 10.0.40219.1
Project("{9A19103F-16F7-4668-BE54-9A1E7A4F7556}") = "EcampusApi", "EcampusApi\EcampusApi.csproj", "{94C4CC67-7D59-414C-932A-2142EDBB8029}"
EndProject
Project("{9A19103F-16F7-4668-BE54-9A1E7A4F7556}") = "BotEcampus.UI", "BotEcampus.UI\BotEcampus.UI.csproj", "{9AF720E8-50C8-44CD-BAED-14BB257ECEC2}"
EndProject
Project("{9A19103F-16F7-4668-BE54-9A1E7A4F7556}") = "VkApi.Group", "VkApi.Group\VkApi.Group.csproj", "{8A87C87E-7177-40D6-A3CD-9E076EBE8229}"
EndProject
Project("{9A19103F-16F7-4668-BE54-9A1E7A4F7556}") = "TestConsole", "TestConsole\TestConsole.csproj", "{4FBDB87A-9B91-4F37-9C9A-EDB6C6CBC34A}"
EndProject
Project("{FAE04EC0-301F-11D3-BF4B-00C04F79EFBC}") = "WebRunner", "WebRunner\WebRunner.csproj", "{C995D8E2-37B1-4FD1-A96F-93F5FB112C45}"
EndProject
Global
	GlobalSection(SolutionConfigurationPlatforms) = preSolution
		Debug|Any CPU = Debug|Any CPU
		Release|Any CPU = Release|Any CPU
	EndGlobalSection
	GlobalSection(ProjectConfigurationPlatforms) = postSolution
		{94C4CC67-7D59-414C-932A-2142EDBB8029}.Debug|Any CPU.ActiveCfg = Debug|Any CPU
		{94C4CC67-7D59-414C-932A-2142EDBB8029}.Debug|Any CPU.Build.0 = Debug|Any CPU
		{94C4CC67-7D59-414C-932A-2142EDBB8029}.Release|Any CPU.ActiveCfg = Release|Any CPU
		{94C4CC67-7D59-414C-932A-2142EDBB8029}.Release|Any CPU.Build.0 = Release|Any CPU
		{9AF720E8-50C8-44CD-BAED-14BB257ECEC2}.Debug|Any CPU.ActiveCfg = Debug|Any CPU
		{9AF720E8-50C8-44CD-BAED-14BB257ECEC2}.Debug|Any CPU.Build.0 = Debug|Any CPU
		{9AF720E8-50C8-44CD-BAED-14BB257ECEC2}.Release|Any CPU.ActiveCfg = Release|Any CPU
		{9AF720E8-50C8-44CD-BAED-14BB257ECEC2}.Release|Any CPU.Build.0 = Release|Any CPU
		{8A87C87E-7177-40D6-A3CD-9E076EBE8229}.Debug|Any CPU.ActiveCfg = Debug|Any CPU
		{8A87C87E-7177-40D6-A3CD-9E076EBE8229}.Debug|Any CPU.Build.0 = Debug|Any CPU
		{8A87C87E-7177-40D6-A3CD-9E076EBE8229}.Release|Any CPU.ActiveCfg = Release|Any CPU
		{8A87C87E-7177-40D6-A3CD-9E076EBE8229}.Release|Any CPU.Build.0 = Release|Any CPU
		{4FBDB87A-9B91-4F37-9C9A-EDB6C6CBC34A}.Debug|Any CPU.ActiveCfg = Debug|Any CPU
		{4FBDB87A-9B91-4F37-9C9A-EDB6C6CBC34A}.Debug|Any CPU.Build.0 = Debug|Any CPU
		{4FBDB87A-9B91-4F37-9C9A-EDB6C6CBC34A}.Release|Any CPU.ActiveCfg = Release|Any CPU
		{4FBDB87A-9B91-4F37-9C9A-EDB6C6CBC34A}.Release|Any CPU.Build.0 = Release|Any CPU
		{C995D8E2-37B1-4FD1-A96F-93F5FB112C45}.Debug|Any CPU.ActiveCfg = Debug|Any CPU
		{C995D8E2-37B1-4FD1-A96F-93F5FB112C45}.Debug|Any CPU.Build.0 = Debug|Any CPU
		{C995D8E2-37B1-4FD1-A96F-93F5FB112C45}.Release|Any CPU.ActiveCfg = Release|Any CPU
		{C995D8E2-37B1-4FD1-A96F-93F5FB112C45}.Release|Any CPU.Build.0 = Release|Any CPU
	EndGlobalSection
	GlobalSection(SolutionProperties) = preSolution
		HideSolutionNode = FALSE
	EndGlobalSection
	GlobalSection(ExtensibilityGlobals) = postSolution
		SolutionGuid = {C4A08288-EFA6-4101-A859-E2648EE24B1A}
	EndGlobalSection
EndGlobal
